Microsoft Visual Studio Solution File, Format Version 12.00
# Visual Studio 2012
Project("{B4EC64DC-6D44-11DD-AAB0-C9A155D89593}") = "AisA", "AisA\AisA.ilproj", "{D80B3419-AE6B-44BB-8494-276E8513DAA2}"
EndProject
Project("{FAE04EC0-301F-11D3-BF4B-00C04F79EFBC}") = "Testing", "Testing\Testing.csproj", "{5130060C-36DC-4F84-BDE0-A8F035204960}"
EndProject
Global
	GlobalSection(SolutionConfigurationPlatforms) = preSolution
		Release|Any CPU = Release|Any CPU
		Debug|Any CPU = Debug|Any CPU
	EndGlobalSection
	GlobalSection(ProjectConfigurationPlatforms) = postSolution
		{5130060C-36DC-4F84-BDE0-A8F035204960}.Debug|Any CPU.ActiveCfg = Debug|Any CPU
		{5130060C-36DC-4F84-BDE0-A8F035204960}.Debug|Any CPU.Build.0 = Debug|Any CPU
		{5130060C-36DC-4F84-BDE0-A8F035204960}.Release|Any CPU.ActiveCfg = Release|Any CPU
		{5130060C-36DC-4F84-BDE0-A8F035204960}.Release|Any CPU.Build.0 = Release|Any CPU
		{D80B3419-AE6B-44BB-8494-276E8513DAA2}.Debug|Any CPU.ActiveCfg = Release|Any CPU
		{D80B3419-AE6B-44BB-8494-276E8513DAA2}.Debug|Any CPU.Build.0 = Release|Any CPU
		{D80B3419-AE6B-44BB-8494-276E8513DAA2}.Release|Any CPU.ActiveCfg = Release|Any CPU
		{D80B3419-AE6B-44BB-8494-276E8513DAA2}.Release|Any CPU.Build.0 = Release|Any CPU
	EndGlobalSection
	GlobalSection(MonoDevelopProperties) = preSolution
		StartupItem = AisA\AisA.ilproj
		Policies = $0
		$0.DotNetNamingPolicy = $1
		$1.DirectoryNamespaceAssociation = None
		$1.ResourceNamePolicy = FileFormatDefault
		$0.TextStylePolicy = $2
		$2.inheritsSet = null
		$2.scope = text/x-ilasm
		$0.TextStylePolicy = $3
		$3.FileWidth = 120
		$3.EolMarker = Unix
		$3.inheritsSet = VisualStudio
		$3.inheritsScope = text/plain
		$3.scope = text/plain
		$0.StandardHeader = $4
		$4.Text = @${FileName}\n\nAuthor:\n    ${AuthorName} <${AuthorEmail}>\n\n© ${Year} ${CopyrightHolder}\n\nLicensed under the EUPL, Version 1.1 only (the “Licence”).\nYou may not use, modify or distribute this work except in compliance with the Licence.\nYou may obtain a copy of the Licence at:\n<http://joinup.ec.europa.eu/software/page/eupl/licence-eupl>\nA copy is also distributed with this source code.\nUnless required by applicable law or agreed to in writing, software distributed under the\nLicence is distributed on an “AS IS” basis, without warranties or conditions of any kind.
		$4.IncludeInNewFiles = True
		$0.NameConventionPolicy = $5
		$5.Rules = $6
		$6.NamingRule = $7
		$7.Name = Namespaces
		$7.AffectedEntity = Namespace
		$7.VisibilityMask = VisibilityMask
		$7.NamingStyle = PascalCase
		$7.IncludeInstanceMembers = True
		$7.IncludeStaticEntities = True
		$6.NamingRule = $8
		$8.Name = Types
		$8.AffectedEntity = Class, Struct, Enum, Delegate
		$8.VisibilityMask = VisibilityMask
		$8.NamingStyle = PascalCase
		$8.IncludeInstanceMembers = True
		$8.IncludeStaticEntities = True
		$6.NamingRule = $9
		$9.Name = Interfaces
		$9.RequiredPrefixes = $10
		$10.String = I
		$9.AffectedEntity = Interface
		$9.VisibilityMask = VisibilityMask
		$9.NamingStyle = PascalCase
		$9.IncludeInstanceMembers = True
		$9.IncludeStaticEntities = True
		$6.NamingRule = $11
		$11.Name = Attributes
		$11.RequiredSuffixes = $12
		$12.String = Attribute
		$11.AffectedEntity = CustomAttributes
		$11.VisibilityMask = VisibilityMask
		$11.NamingStyle = PascalCase
		$11.IncludeInstanceMembers = True
		$11.IncludeStaticEntities = True
		$6.NamingRule = $13
		$13.Name = Event Arguments
		$13.RequiredSuffixes = $14
		$14.String = EventArgs
		$13.AffectedEntity = CustomEventArgs
		$13.VisibilityMask = VisibilityMask
		$13.NamingStyle = PascalCase
		$13.IncludeInstanceMembers = True
		$13.IncludeStaticEntities = True
		$6.NamingRule = $15
		$15.Name = Exceptions
		$15.RequiredSuffixes = $16
		$16.String = Exception
		$15.AffectedEntity = CustomExceptions
		$15.VisibilityMask = VisibilityMask
		$15.NamingStyle = PascalCase
		$15.IncludeInstanceMembers = True
		$15.IncludeStaticEntities = True
		$6.NamingRule = $17
		$17.Name = Methods
		$17.AffectedEntity = Methods
		$17.VisibilityMask = VisibilityMask
		$17.NamingStyle = PascalCase
		$17.IncludeInstanceMembers = True
		$17.IncludeStaticEntities = True
		$6.NamingRule = $18
		$18.Name = Static Readonly Fields
		$18.AffectedEntity = ReadonlyField
		$18.VisibilityMask = Internal, Protected, Public
		$18.NamingStyle = PascalCase
		$18.IncludeInstanceMembers = False
		$18.IncludeStaticEntities = True
		$6.NamingRule = $19
		$19.Name = Fields (Non Private)
		$19.AffectedEntity = Field
		$19.VisibilityMask = Internal, Protected, Public
		$19.NamingStyle = PascalCase
		$19.IncludeInstanceMembers = True
		$19.IncludeStaticEntities = True
		$6.NamingRule = $20
		$20.Name = ReadOnly Fields (Non Private)
		$20.AffectedEntity = ReadonlyField
		$20.VisibilityMask = Internal, Protected, Public
		$20.NamingStyle = PascalCase
		$20.IncludeInstanceMembers = True
		$20.IncludeStaticEntities = False
		$6.NamingRule = $21
		$21.Name = Fields (Private)
		$21.RequiredPrefixes = $22
		$22.String = _
		$21.AffectedEntity = Field, ReadonlyField
		$21.VisibilityMask = Private
		$21.NamingStyle = CamelCase
		$21.IncludeInstanceMembers = True
		$21.IncludeStaticEntities = False
		$6.NamingRule = $23
		$23.Name = Static Fields (Private)
		$23.RequiredPrefixes = $24
		$24.String = _
		$23.AffectedEntity = Field
		$23.VisibilityMask = Private
		$23.NamingStyle = CamelCase
		$23.IncludeInstanceMembers = False
		$23.IncludeStaticEntities = True
		$6.NamingRule = $25
		$25.Name = ReadOnly Fields (Private)
		$25.RequiredPrefixes = $26
		$26.String = _
		$25.AffectedEntity = ReadonlyField
		$25.VisibilityMask = Private
		$25.NamingStyle = CamelCase
		$25.IncludeInstanceMembers = True
		$25.IncludeStaticEntities = False
		$6.NamingRule = $27
		$27.Name = Constant Fields
		$27.AffectedEntity = ConstantField
		$27.VisibilityMask = VisibilityMask
		$27.NamingStyle = PascalCase
		$27.IncludeInstanceMembers = True
		$27.IncludeStaticEntities = True
		$6.NamingRule = $28
		$28.Name = Properties
		$28.AffectedEntity = Property
		$28.VisibilityMask = VisibilityMask
		$28.NamingStyle = PascalCase
		$28.IncludeInstanceMembers = True
		$28.IncludeStaticEntities = True
		$6.NamingRule = $29
		$29.Name = Events
		$29.AffectedEntity = Event
		$29.VisibilityMask = VisibilityMask
		$29.NamingStyle = PascalCase
		$29.IncludeInstanceMembers = True
		$29.IncludeStaticEntities = True
		$6.NamingRule = $30
		$30.Name = Enum Members
		$30.AffectedEntity = EnumMember
		$30.VisibilityMask = VisibilityMask
		$30.NamingStyle = PascalCase
		$30.IncludeInstanceMembers = True
		$30.IncludeStaticEntities = True
		$6.NamingRule = $31
		$31.Name = Parameters
		$31.AffectedEntity = Parameter
		$31.VisibilityMask = VisibilityMask
		$31.NamingStyle = CamelCase
		$31.IncludeInstanceMembers = True
		$31.IncludeStaticEntities = True
		$6.NamingRule = $32
		$32.Name = Type Parameters
		$32.RequiredPrefixes = $33
		$33.String = T
		$32.AffectedEntity = TypeParameter
		$32.VisibilityMask = VisibilityMask
		$32.NamingStyle = PascalCase
		$32.IncludeInstanceMembers = True
		$32.IncludeStaticEntities = True
		$0.VersionControlPolicy = $34
		$34.CommitMessageStyle = $35
		$35.FileSeparator = ", "
		$35.Wrap = False
		$34.inheritsSet = Mono
		$0.ChangeLogPolicy = $36
		$36.UpdateMode = None
		$36.MessageStyle = $37
		$37.LineAlign = 0
		$36.inheritsSet = Mono
		$0.TextStylePolicy = $38
		$38.inheritsSet = null
		$38.scope = application/xml
		$0.XmlFormattingPolicy = $39
		$39.inheritsSet = Mono
		$39.inheritsScope = application/xml
		$39.scope = application/xml
		$0.TextStylePolicy = $40
		$40.inheritsSet = null
		$40.scope = text/x-csharp
		$0.CSharpFormattingPolicy = $41
		$41.IndentSwitchBody = True
		$41.AlignEmbeddedIfStatements = False
		$41.SimplePropertyFormatting = ForceNewLine
		$41.AutoPropertyFormatting = ForceOneLine
		$41.IndentPreprocessorDirectives = False
		$41.AnonymousMethodBraceStyle = NextLine
		$41.PropertyBraceStyle = NextLine
		$41.PropertyGetBraceStyle = NextLine
		$41.PropertySetBraceStyle = NextLine
		$41.SimpleGetBlockFormatting = ForceOneLine
		$41.SimpleSetBlockFormatting = ForceOneLine
		$41.EventBraceStyle = NextLine
		$41.EventAddBraceStyle = NextLine
		$41.EventRemoveBraceStyle = NextLine
		$41.StatementBraceStyle = NextLine
		$41.ElseNewLinePlacement = NewLine
		$41.CatchNewLinePlacement = NewLine
		$41.FinallyNewLinePlacement = NewLine
		$41.BeforeMethodDeclarationParentheses = False
		$41.BeforeMethodCallParentheses = False
		$41.BeforeConstructorDeclarationParentheses = False
		$41.BeforeIndexerDeclarationBracket = False
		$41.BeforeDelegateDeclarationParentheses = False
		$41.AfterDelegateDeclarationParameterComma = True
		$41.NewParentheses = False
		$41.IfParentheses = False
		$41.WhileParentheses = False
		$41.ForParentheses = False
		$41.ForeachParentheses = False
		$41.CatchParentheses = False
		$41.SwitchParentheses = False
		$41.LockParentheses = False
		$41.UsingParentheses = False
		$41.SpacesBeforeBrackets = False
		$41.BlankLinesBeforeUsings = 1
		$41.BlankLinesAroundRegion = 0
		$41.BlankLinesInsideRegion = 0
		$41.MethodCallArgumentWrapping = WrapIfTooLong
		$41.MethodDeclarationParameterWrapping = WrapIfTooLong
		$41.AlignToFirstMethodDeclarationParameter = False
		$41.IndexerDeclarationParameterWrapping = WrapIfTooLong
		$41.AlignToFirstIndexerDeclarationParameter = False
		$41.IndexerArgumentWrapping = WrapIfTooLong
		$41.inheritsSet = Mono
		$41.inheritsScope = text/x-csharp
		$41.scope = text/x-csharp
		$0.TextStylePolicy = $42
		$42.inheritsSet = null
		$42.scope = application/config+xml
		$0.XmlFormattingPolicy = $43
		$43.inheritsSet = null
		$43.scope = application/config+xml
		version = 1.0
	EndGlobalSection
EndGlobal